dependencies:
  espressif/qrcode:
    component_hash: 3b493771bc5d6ad30cbf87c25bf784aada8a08c941504355b55d6b75518ed7bc
    dependencies: []
    source:
      registry_url: https://components.espressif.com/
      type: service
    version: 0.1.0~2
  idf:
    source:
      type: idf
    version: 5.1.0
direct_dependencies:
- espressif/qrcode
- idf
manifest_hash: 493ee75db2a337d756608154871ddc2f88c33ce47a187ca83a7f429825984f3a
target: esp32c3
version: 2.0.0
